
Microsoft Visual Studio Solution File, Format Version 11.00
# Visual Studio 2010
Project("{FAE04EC0-301F-11D3-BF4B-00C04F79EFBC}") = "Loader", "Loader\Loader.csproj", "{59D90ED3-63C8-4154-A40E-F6779185955F}"
EndProject
Project("{FAE04EC0-301F-11D3-BF4B-00C04F79EFBC}") = "Loader.Tests", "Loader.Tests\Loader.Tests.csproj", "{08857D26-B952-4F81-BAA4-4AB399A6FF85}"
EndProject
Project("{2150E333-8FDC-42A3-9474-1A3956D46DE8}") = "Solution Items", "Solution Items", "{86B04428-3F93-4B8B-B3C3-4D396D972F52}"
	ProjectSection(SolutionItems) = preProject
		Loader.vsmdi = Loader.vsmdi
		Local.testsettings = Local.testsettings
		TraceAndTestImpact.testsettings = TraceAndTestImpact.testsettings
	EndProjectSection
EndProject
Global
	GlobalSection(TestCaseManagementSettings) = postSolution
		CategoryFile = Loader.vsmdi
	EndGlobalSection
	GlobalSection(SolutionConfigurationPlatforms) = preSolution
		Debug|Any CPU = Debug|Any CPU
		Debug|Mixed Platforms = Debug|Mixed Platforms
		Debug|x86 = Debug|x86
		Release|Any CPU = Release|Any CPU
		Release|Mixed Platforms = Release|Mixed Platforms
		Release|x86 = Release|x86
	EndGlobalSection
	GlobalSection(ProjectConfigurationPlatforms) = postSolution
		{59D90ED3-63C8-4154-A40E-F6779185955F}.Debug|Any CPU.ActiveCfg = Debug|x86
		{59D90ED3-63C8-4154-A40E-F6779185955F}.Debug|Mixed Platforms.ActiveCfg = Debug|x86
		{59D90ED3-63C8-4154-A40E-F6779185955F}.Debug|Mixed Platforms.Build.0 = Debug|x86
		{59D90ED3-63C8-4154-A40E-F6779185955F}.Debug|x86.ActiveCfg = Debug|x86
		{59D90ED3-63C8-4154-A40E-F6779185955F}.Debug|x86.Build.0 = Debug|x86
		{59D90ED3-63C8-4154-A40E-F6779185955F}.Release|Any CPU.ActiveCfg = Release|x86
		{59D90ED3-63C8-4154-A40E-F6779185955F}.Release|Mixed Platforms.ActiveCfg = Release|x86
		{59D90ED3-63C8-4154-A40E-F6779185955F}.Release|Mixed Platforms.Build.0 = Release|x86
		{59D90ED3-63C8-4154-A40E-F6779185955F}.Release|x86.ActiveCfg = Release|x86
		{59D90ED3-63C8-4154-A40E-F6779185955F}.Release|x86.Build.0 = Release|x86
		{08857D26-B952-4F81-BAA4-4AB399A6FF85}.Debug|Any CPU.ActiveCfg = Debug|Any CPU
		{08857D26-B952-4F81-BAA4-4AB399A6FF85}.Debug|Any CPU.Build.0 = Debug|Any CPU
		{08857D26-B952-4F81-BAA4-4AB399A6FF85}.Debug|Mixed Platforms.ActiveCfg = Debug|Any CPU
		{08857D26-B952-4F81-BAA4-4AB399A6FF85}.Debug|Mixed Platforms.Build.0 = Debug|Any CPU
		{08857D26-B952-4F81-BAA4-4AB399A6FF85}.Debug|x86.ActiveCfg = Debug|Any CPU
		{08857D26-B952-4F81-BAA4-4AB399A6FF85}.Release|Any CPU.ActiveCfg = Release|Any CPU
		{08857D26-B952-4F81-BAA4-4AB399A6FF85}.Release|Any CPU.Build.0 = Release|Any CPU
		{08857D26-B952-4F81-BAA4-4AB399A6FF85}.Release|Mixed Platforms.ActiveCfg = Release|Any CPU
		{08857D26-B952-4F81-BAA4-4AB399A6FF85}.Release|Mixed Platforms.Build.0 = Release|Any CPU
		{08857D26-B952-4F81-BAA4-4AB399A6FF85}.Release|x86.ActiveCfg = Release|Any CPU
	EndGlobalSection
	GlobalSection(SolutionProperties) = preSolution
		HideSolutionNode = FALSE
	EndGlobalSection
EndGlobal
